
Microsoft Visual Studio Solution File, Format Version 12.00
# Visual Studio Version 17
VisualStudioVersion = 17.3.32825.248
MinimumVisualStudioVersion = 10.0.40219.1
Project("{FAE04EC0-301F-11D3-BF4B-00C04F79EFBC}") = "dz", "Лаба №2\dz.csproj", "{75666D3B-E192-4C66-AD0E-CB964BB978D7}"
EndProject
Project("{FAE04EC0-301F-11D3-BF4B-00C04F79EFBC}") = "Классная работа", "Классная работа\Классная работа.csproj", "{1396451C-2031-4823-868E-D38D3F0A81EA}"
EndProject
Global
	GlobalSection(SolutionConfigurationPlatforms) = preSolution
		Debug|Any CPU = Debug|Any CPU
		Release|Any CPU = Release|Any CPU
	EndGlobalSection
	GlobalSection(ProjectConfigurationPlatforms) = postSolution
		{75666D3B-E192-4C66-AD0E-CB964BB978D7}.Debug|Any CPU.ActiveCfg = Debug|Any CPU
		{75666D3B-E192-4C66-AD0E-CB964BB978D7}.Debug|Any CPU.Build.0 = Debug|Any CPU
		{75666D3B-E192-4C66-AD0E-CB964BB978D7}.Release|Any CPU.ActiveCfg = Release|Any CPU
		{75666D3B-E192-4C66-AD0E-CB964BB978D7}.Release|Any CPU.Build.0 = Release|Any CPU
		{1396451C-2031-4823-868E-D38D3F0A81EA}.Debug|Any CPU.ActiveCfg = Debug|Any CPU
		{1396451C-2031-4823-868E-D38D3F0A81EA}.Debug|Any CPU.Build.0 = Debug|Any CPU
		{1396451C-2031-4823-868E-D38D3F0A81EA}.Release|Any CPU.ActiveCfg = Release|Any CPU
		{1396451C-2031-4823-868E-D38D3F0A81EA}.Release|Any CPU.Build.0 = Release|Any CPU
	EndGlobalSection
	GlobalSection(SolutionProperties) = preSolution
		HideSolutionNode = FALSE
	EndGlobalSection
	GlobalSection(ExtensibilityGlobals) = postSolution
		SolutionGuid = {7876526D-1FEA-4C70-BFCA-3CC585E08CA6}
	EndGlobalSection
EndGlobal
